
Microsoft Visual Studio Solution File, Format Version 12.00
# Visual Studio 15
VisualStudioVersion = 15.0.27703.2026
MinimumVisualStudioVersion = 10.0.40219.1
Project("{9A19103F-16F7-4668-BE54-9A1E7A4F7556}") = "Vita7y.TelegramBotsServer", "Vita7y.TelegramBotsServer\Vita7y.TelegramBotsServer.csproj", "{AA082C18-442D-4BCB-AC8D-4AA9ABF57C6D}"
EndProject
Project("{9A19103F-16F7-4668-BE54-9A1E7A4F7556}") = "Vita7y.SqlBot", "Vita7y.SqlBot\Vita7y.SqlBot.csproj", "{3317A926-D06F-45E6-AB34-D7CEE288EEE4}"
EndProject
Project("{9A19103F-16F7-4668-BE54-9A1E7A4F7556}") = "Vita7y.Core", "Vita7y.Core\Vita7y.Core.csproj", "{A72F831E-0C8E-4D5F-92EA-1D4EF1E6B0E7}"
EndProject
Project("{FAE04EC0-301F-11D3-BF4B-00C04F79EFBC}") = "Vita7y.BotsTest", "Vita7y.BotsTest\Vita7y.BotsTest.csproj", "{F58678B5-D5BC-48CD-9FA4-2410B2D0789F}"
EndProject
Global
	GlobalSection(SolutionConfigurationPlatforms) = preSolution
		Debug|Any CPU = Debug|Any CPU
		Release|Any CPU = Release|Any CPU
	EndGlobalSection
	GlobalSection(ProjectConfigurationPlatforms) = postSolution
		{AA082C18-442D-4BCB-AC8D-4AA9ABF57C6D}.Debug|Any CPU.ActiveCfg = Debug|Any CPU
		{AA082C18-442D-4BCB-AC8D-4AA9ABF57C6D}.Debug|Any CPU.Build.0 = Debug|Any CPU
		{AA082C18-442D-4BCB-AC8D-4AA9ABF57C6D}.Release|Any CPU.ActiveCfg = Release|Any CPU
		{AA082C18-442D-4BCB-AC8D-4AA9ABF57C6D}.Release|Any CPU.Build.0 = Release|Any CPU
		{3317A926-D06F-45E6-AB34-D7CEE288EEE4}.Debug|Any CPU.ActiveCfg = Debug|Any CPU
		{3317A926-D06F-45E6-AB34-D7CEE288EEE4}.Debug|Any CPU.Build.0 = Debug|Any CPU
		{3317A926-D06F-45E6-AB34-D7CEE288EEE4}.Release|Any CPU.ActiveCfg = Release|Any CPU
		{3317A926-D06F-45E6-AB34-D7CEE288EEE4}.Release|Any CPU.Build.0 = Release|Any CPU
		{A72F831E-0C8E-4D5F-92EA-1D4EF1E6B0E7}.Debug|Any CPU.ActiveCfg = Debug|Any CPU
		{A72F831E-0C8E-4D5F-92EA-1D4EF1E6B0E7}.Debug|Any CPU.Build.0 = Debug|Any CPU
		{A72F831E-0C8E-4D5F-92EA-1D4EF1E6B0E7}.Release|Any CPU.ActiveCfg = Release|Any CPU
		{A72F831E-0C8E-4D5F-92EA-1D4EF1E6B0E7}.Release|Any CPU.Build.0 = Release|Any CPU
		{F58678B5-D5BC-48CD-9FA4-2410B2D0789F}.Debug|Any CPU.ActiveCfg = Debug|Any CPU
		{F58678B5-D5BC-48CD-9FA4-2410B2D0789F}.Debug|Any CPU.Build.0 = Debug|Any CPU
		{F58678B5-D5BC-48CD-9FA4-2410B2D0789F}.Release|Any CPU.ActiveCfg = Release|Any CPU
		{F58678B5-D5BC-48CD-9FA4-2410B2D0789F}.Release|Any CPU.Build.0 = Release|Any CPU
	EndGlobalSection
	GlobalSection(SolutionProperties) = preSolution
		HideSolutionNode = FALSE
	EndGlobalSection
	GlobalSection(ExtensibilityGlobals) = postSolution
		SolutionGuid = {DA58DBCF-4A87-4272-B3FE-54A83B89EB59}
	EndGlobalSection
EndGlobal
